
Microsoft Visual Studio Solution File, Format Version 12.00
# Visual Studio Version 16
VisualStudioVersion = 16.0.29326.143
MinimumVisualStudioVersion = 10.0.40219.1
Project("{FAE04EC0-301F-11D3-BF4B-00C04F79EFBC}") = "Laba3", "Laba3\Laba3.csproj", "{CAE56A92-78B0-4C67-9EFB-002D91E8C872}"
EndProject
Global
	GlobalSection(SolutionConfigurationPlatforms) = preSolution
		Debug|Any CPU = Debug|Any CPU
		Release|Any CPU = Release|Any CPU
	EndGlobalSection
	GlobalSection(ProjectConfigurationPlatforms) = postSolution
		{CAE56A92-78B0-4C67-9EFB-002D91E8C872}.Debug|Any CPU.ActiveCfg = Debug|Any CPU
		{CAE56A92-78B0-4C67-9EFB-002D91E8C872}.Debug|Any CPU.Build.0 = Debug|Any CPU
		{CAE56A92-78B0-4C67-9EFB-002D91E8C872}.Release|Any CPU.ActiveCfg = Release|Any CPU
		{CAE56A92-78B0-4C67-9EFB-002D91E8C872}.Release|Any CPU.Build.0 = Release|Any CPU
	EndGlobalSection
	GlobalSection(SolutionProperties) = preSolution
		HideSolutionNode = FALSE
	EndGlobalSection
	GlobalSection(ExtensibilityGlobals) = postSolution
		SolutionGuid = {B2389152-5FCD-436D-B8BC-960FBF42C71D}
	EndGlobalSection
EndGlobal
